# This file is autogenerated, do not edit; changes may be undone by the next 'dep ensure'.


[[projects]]
  digest = "1:9f3b30d9f8e0d7040f729b82dcbc8f0dead820a133b3147ce355fc451f32d761"
  name = "github.com/BurntSushi/toml"
  packages = ["."]
  pruneopts = "UT"
  revision = "3012a1dbe2e4bd1391d42b32f0577cb7bbc7f005"
  version = "v0.3.1"

[[projects]]
  digest = "1:e20a9d6598878d629e04541d96076bf232c1ee36f6b267c4a5dae7779f15c36a"
  name = "github.com/gogo/protobuf"
  packages = [
    "gogoproto",
    "proto",
    "protoc-gen-gogo/descriptor",
  ]
  pruneopts = "UT"
  revision = "5628607bb4c51c3157aacc3a50f0ab707582b805"
  version = "v1.3.1"

[[projects]]
  digest = "1:021029438e3e03f4f40da0009c95b579b1a61d814eddf8b8c5b798d447b7dc42"
  name = "github.com/golang/protobuf"
  packages = [
    "jsonpb",
    "proto",
    "protoc-gen-go/descriptor",
    "protoc-gen-go/plugin",
    "ptypes",
    "ptypes/any",
    "ptypes/duration",
    "ptypes/empty",
    "ptypes/struct",
    "ptypes/timestamp",
    "ptypes/wrappers",
  ]
  pruneopts = "UT"
  revision = "6c65a5562fc06764971b7c5d05c76c75e84bdbf7"
  version = "v1.3.2"

[[projects]]
  digest = "1:582b704bebaa06b48c29b0cec224a6058a09c86883aaddabde889cd1a5f73e1b"
  name = "github.com/google/uuid"
  packages = ["."]
  pruneopts = "UT"
  revision = "0cd6bf5da1e1c83f8b45653022c74f71af0538a4"
  version = "v1.1.1"

[[projects]]
  digest = "1:e62657cca9badaa308d86e7716083e4c5933bb78e30a17743fc67f50be26f6f4"
  name = "github.com/gorilla/websocket"
  packages = ["."]
  pruneopts = "UT"
  revision = "c3e18be99d19e6b3e8f1559eea2c161a665c4b6b"
  version = "v1.4.1"

[[projects]]
  digest = "1:857d524a096f6c57b8dc37a24891e468324b3c9aaf545193e754dfd743f4ba18"
  name = "github.com/jhump/protoreflect"
  packages = [
    "codec",
    "desc",
    "desc/internal",
    "desc/protoparse",
    "dynamic",
    "dynamic/msgregistry",
    "internal",
  ]
  pruneopts = "UT"
  revision = "c67d679c9f863957281faba646d790dbab6cf3b3"
  version = "v1.5.0"

[[projects]]
  digest = "1:84a35669b4b31cc20ffc89c3b2ab32f2189fb2366a973efa1c25e009ef6ae1c6"
  name = "github.com/julienschmidt/httprouter"
  packages = ["."]
  pruneopts = "UT"
  revision = "4eec211fa4e8df74ed978dc5681612131854144f"
  version = "v1.3.0"

[[projects]]
  digest = "1:ae1593b2429543eaf459910b8dc245e640b79cc888707c56bec13eb2b3742898"
  name = "github.com/lithammer/shortuuid"
  packages = ["."]
  pruneopts = "UT"
  revision = "5fdfa1e0994506095a1a0811a9265bc7eddc8234"
  version = "v3.0.4"

[[projects]]
  digest = "1:9b8ee267e79a1730cde2e326cc53035913fce52ceef48142c24f3a15e3c65cb3"
  name = "github.com/nats-io/jwt"
  packages = ["."]
  pruneopts = "UT"
  revision = "0c3fc7aed8bb2534e7bfdf0968a75890402d48cd"
  version = "v0.3.2"

[[projects]]
  digest = "1:fabb58b7de2951b05fbe8e1f7c98e449f650883ac15763aeb54ab9afe7be20de"
  name = "github.com/nats-io/nats.go"
  packages = [
    ".",
    "encoders/builtin",
    "util",
  ]
  pruneopts = "UT"
  revision = "6063d679d23ae5b3edb4030d5e89a6e30ea53bc6"
  version = "v1.9.1"

[[projects]]
  digest = "1:229998a2544a3cc03959600ac0869eb2e0b6c2ec7a8999ff8dd98e5aa6d35d62"
  name = "github.com/nats-io/nkeys"
  packages = ["."]
  pruneopts = "UT"
  revision = "f1930e19b436412202ab130a733187cc6f40ba7e"
  version = "v0.1.3"

[[projects]]
  digest = "1:599f3202ce0a754144ddc4be4c6df9c6ab27b1d722a63ede6b2e0c3a2cc338a8"
  name = "github.com/nats-io/nuid"
  packages = ["."]
  pruneopts = "UT"
  revision = "4b96681fa6d28dd0ab5fe79bac63b3a493d9ee94"
  version = "v1.0.1"

[[projects]]
  digest = "1:b43bdaf67be5526c356fd4daa12eddda995aaba762f436ecc326ffca788f0963"
  name = "github.com/nats-io/stan.go"
  packages = [
    ".",
    "pb",
  ]
  pruneopts = "UT"
  revision = "c5efdc3e2330fb9c81f34082d0c04a8de817748a"
  version = "v0.5.0"

[[projects]]
  branch = "master"
  digest = "1:1a673405d9321b99c28ff357e3f0ea3aa9a71d49f3bd7a433b276aabea423af0"
  name = "github.com/noptics/golog"
  packages = ["."]
  pruneopts = "UT"
  revision = "b74e9c8c4f9dbd143659cd9c8bd6bbe35aad9ecd"

[[projects]]
  branch = "master"
  digest = "1:5cf10b1caf752cce240ff3383cd3d5f27617a539b180b6f335af23150b5d84ca"
  name = "github.com/noptics/protofiles"
  packages = ["."]
  pruneopts = "UT"
  revision = "eb6f2989d46e1b27b45ab8e7757c9659fa96e35c"

[[projects]]
  digest = "1:c708d00d1097e62bf4f3a72f239efa7dafc257581421b0b7d3789e1ff5299f30"
  name = "go.uber.org/atomic"
  packages = ["."]
  pruneopts = "UT"
  revision = "40ae6a40a970ef4cdbffa7b24b280e316db8accc"
  version = "v1.5.1"

[[projects]]
  digest = "1:e6d88834deb4e35eb998c74f4d042db6ccecaaf62c0f6d57905852800994af00"
  name = "go.uber.org/multierr"
  packages = ["."]
  pruneopts = "UT"
  revision = "824d08f79702fe5f54aca8400aa0d754318786e7"
  version = "v1.4.0"

[[projects]]
  branch = "master"
  digest = "1:3032e90a153750ea149f68bf081f97ca738f041fba45c41c80737f572ffdf2f4"
  name = "go.uber.org/tools"
  packages = ["update-license"]
  pruneopts = "UT"
  revision = "2cfd321de3ee5d5f8a5fda2521d1703478334d98"

[[projects]]
  digest = "1:260048b6193e304ee294452a9e3410c474e3ce187248c7e2e4a2631207386f74"
  name = "go.uber.org/zap"
  packages = [
    ".",
    "buffer",
    "internal/bufferpool",
    "internal/color",
    "internal/exit",
    "zapcore",
  ]
  pruneopts = "UT"
  revision = "33e58d4d0120aa28d4df84cd244838c490846c9d"
  version = "v1.13.0"

[[projects]]
  branch = "master"
  digest = "1:cd7e85fc3687e062714febdee3e8efeb00a413a2a620d28908fd0258261d2353"
  name = "golang.org/x/crypto"
  packages = [
    "ed25519",
    "ed25519/internal/edwards25519",
  ]
  pruneopts = "UT"
  revision = "ac88ee75c92c889b97e05591e9a39b6480c538b3"

[[projects]]
  branch = "master"
  digest = "1:334b27eac455cb6567ea28cd424230b07b1a64334a2f861a8075ac26ce10af43"
  name = "golang.org/x/lint"
  packages = [
    ".",
    "golint",
  ]
  pruneopts = "UT"
  revision = "fdd1cda4f05fd1fd86124f0ef9ce31a0b72c8448"

[[projects]]
  branch = "master"
  digest = "1:3117136e2c2813f11f7fe33931a6604deec77fb1faa304c1a8e27b6fdfbe0ba8"
  name = "golang.org/x/net"
  packages = [
    "context",
    "http/httpguts",
    "http2",
    "http2/hpack",
    "idna",
    "internal/timeseries",
    "trace",
  ]
  pruneopts = "UT"
  revision = "ef20fe5d793301b553005db740f730d87993f778"

[[projects]]
  branch = "master"
  digest = "1:72f7bc975a18badcb4b05585929a12e042ab45cb0bee781aaab8044f39bd41f5"
  name = "golang.org/x/sys"
  packages = ["unix"]
  pruneopts = "UT"
  revision = "63cb32ae39b28d6bb8e7e215c1fc39dd80dcdb02"

[[projects]]
  digest = "1:8d8faad6b12a3a4c819a3f9618cb6ee1fa1cfc33253abeeea8b55336721e3405"
  name = "golang.org/x/text"
  packages = [
    "collate",
    "collate/build",
    "internal/colltab",
    "internal/gen",
    "internal/language",
    "internal/language/compact",
    "internal/tag",
    "internal/triegen",
    "internal/ucd",
    "language",
    "secure/bidirule",
    "transform",
    "unicode/bidi",
    "unicode/cldr",
    "unicode/norm",
    "unicode/rangetable",
  ]
  pruneopts = "UT"
  revision = "342b2e1fbaa52c93f31447ad2c6abc048c63e475"
  version = "v0.3.2"

[[projects]]
  branch = "master"
  digest = "1:f395eb6347d46974f03662693512361374f3c634bfd784b7ef1331d272f42e3c"
  name = "golang.org/x/tools"
  packages = [
    "go/analysis",
    "go/analysis/passes/inspect",
    "go/ast/astutil",
    "go/ast/inspector",
    "go/buildutil",
    "go/gcexportdata",
    "go/internal/gcimporter",
    "go/internal/packagesdriver",
    "go/packages",
    "go/types/objectpath",
    "go/types/typeutil",
    "internal/fastwalk",
    "internal/gopathwalk",
    "internal/semver",
    "internal/span",
  ]
  pruneopts = "UT"
  revision = "99399511c1760b202ecd6f2d367780ba1da2a5d7"

[[projects]]
  branch = "master"
  digest = "1:09caf091dce34dc8e18396c9c81961743cdee8be23deb01c78f6ffd9c3745dac"
  name = "google.golang.org/genproto"
  packages = [
    "googleapis/rpc/status",
    "protobuf/api",
    "protobuf/field_mask",
    "protobuf/ptype",
    "protobuf/source_context",
  ]
  pruneopts = "UT"
  revision = "83cc0476cb11ea0da33dacd4c6354ab192de6fe6"

[[projects]]
  digest = "1:b59ce3ddb11daeeccccc9cb3183b58ebf8e9a779f1c853308cd91612e817a301"
  name = "google.golang.org/grpc"
  packages = [
    ".",
    "backoff",
    "balancer",
    "balancer/base",
    "balancer/roundrobin",
    "binarylog/grpc_binarylog_v1",
    "codes",
    "connectivity",
    "credentials",
    "credentials/internal",
    "encoding",
    "encoding/proto",
    "grpclog",
    "internal",
    "internal/backoff",
    "internal/balancerload",
    "internal/binarylog",
    "internal/buffer",
    "internal/channelz",
    "internal/envconfig",
    "internal/grpcrand",
    "internal/grpcsync",
    "internal/resolver/dns",
    "internal/resolver/passthrough",
    "internal/syscall",
    "internal/transport",
    "keepalive",
    "metadata",
    "naming",
    "peer",
    "resolver",
    "serviceconfig",
    "stats",
    "status",
    "tap",
  ]
  pruneopts = "UT"
  revision = "1a3960e4bd028ac0cec0a2afd27d7d8e67c11514"
  version = "v1.25.1"

[[projects]]
  digest = "1:131158a88aad1f94854d0aa21a64af2802d0a470fb0f01cb33c04fafd2047111"
  name = "honnef.co/go/tools"
  packages = [
    "arg",
    "cmd/staticcheck",
    "config",
    "deprecated",
    "facts",
    "functions",
    "go/types/typeutil",
    "internal/cache",
    "internal/passes/buildssa",
    "internal/renameio",
    "internal/sharedcheck",
    "lint",
    "lint/lintdsl",
    "lint/lintutil",
    "lint/lintutil/format",
    "loader",
    "printf",
    "simple",
    "ssa",
    "ssautil",
    "staticcheck",
    "staticcheck/vrp",
    "stylecheck",
    "unused",
    "version",
  ]
  pruneopts = "UT"
  revision = "afd67930eec2a9ed3e9b19f684d17a062285f16a"
  version = "2019.2.3"

[solve-meta]
  analyzer-name = "dep"
  analyzer-version = 1
  input-imports = [
    "github.com/gogo/protobuf/proto",
    "github.com/golang/protobuf/proto",
    "github.com/gorilla/websocket",
    "github.com/jhump/protoreflect/desc/protoparse",
    "github.com/jhump/protoreflect/dynamic/msgregistry",
    "github.com/julienschmidt/httprouter",
    "github.com/lithammer/shortuuid",
    "github.com/nats-io/nats.go",
    "github.com/nats-io/stan.go",
    "github.com/noptics/golog",
    "github.com/noptics/protofiles",
    "google.golang.org/grpc",
  ]
  solver-name = "gps-cdcl"
  solver-version = 1
